Microsoft Visual Studio Solution File, Format Version 12.00
# Visual Studio Version 17
VisualStudioVersion = 17.5.2.0
MinimumVisualStudioVersion = 10.0.40219.1
Project("{FAE04EC0-301F-11D3-BF4B-00C04F79EFBC}") = "HERM-MAPPER-APP", "HERM-MAPPER-APP.csproj", "{144C7E8D-3310-91D1-3EE5-E0B09F9E3A24}"
EndProject
Global
	GlobalSection(SolutionConfigurationPlatforms) = preSolution
		Debug|Any CPU = Debug|Any CPU
		Release|Any CPU = Release|Any CPU
	EndGlobalSection
	GlobalSection(ProjectConfigurationPlatforms) = postSolution
		{144C7E8D-3310-91D1-3EE5-E0B09F9E3A24}.Debug|Any CPU.ActiveCfg = Debug|Any CPU
		{144C7E8D-3310-91D1-3EE5-E0B09F9E3A24}.Debug|Any CPU.Build.0 = Debug|Any CPU
		{144C7E8D-3310-91D1-3EE5-E0B09F9E3A24}.Release|Any CPU.ActiveCfg = Release|Any CPU
		{144C7E8D-3310-91D1-3EE5-E0B09F9E3A24}.Release|Any CPU.Build.0 = Release|Any CPU
	EndGlobalSection
	GlobalSection(SolutionProperties) = preSolution
		HideSolutionNode = FALSE
	EndGlobalSection
	GlobalSection(ExtensibilityGlobals) = postSolution
		SolutionGuid = {D1FDF726-F8BA-4D65-89FF-985407905760}
	EndGlobalSection
EndGlobal
